
Microsoft Visual Studio Solution File, Format Version 12.00
# Visual Studio 15
Project("{FAE04EC0-301F-11D3-BF4B-00C04F79EFBC}") = "Assembly-CSharp", "Assembly-CSharp.csproj", "{0E3C8F55-E210-FA5C-E230-70C117EB9A2E}"
EndProject
Project("{FAE04EC0-301F-11D3-BF4B-00C04F79EFBC}") = "Assembly-CSharp-Editor", "Assembly-CSharp-Editor.csproj", "{3EF8ABB5-D5B9-1195-9460-3FD44D15C227}"
EndProject
Global
	GlobalSection(SolutionConfigurationPlatforms) = preSolution
		Debug|Any CPU = Debug|Any CPU
		Release|Any CPU = Release|Any CPU
	EndGlobalSection
	GlobalSection(ProjectConfigurationPlatforms) = postSolution
		{0E3C8F55-E210-FA5C-E230-70C117EB9A2E}.Debug|Any CPU.ActiveCfg = Debug|Any CPU
		{0E3C8F55-E210-FA5C-E230-70C117EB9A2E}.Debug|Any CPU.Build.0 = Debug|Any CPU
		{0E3C8F55-E210-FA5C-E230-70C117EB9A2E}.Release|Any CPU.ActiveCfg = Release|Any CPU
		{0E3C8F55-E210-FA5C-E230-70C117EB9A2E}.Release|Any CPU.Build.0 = Release|Any CPU
		{3EF8ABB5-D5B9-1195-9460-3FD44D15C227}.Debug|Any CPU.ActiveCfg = Debug|Any CPU
		{3EF8ABB5-D5B9-1195-9460-3FD44D15C227}.Debug|Any CPU.Build.0 = Debug|Any CPU
		{3EF8ABB5-D5B9-1195-9460-3FD44D15C227}.Release|Any CPU.ActiveCfg = Release|Any CPU
		{3EF8ABB5-D5B9-1195-9460-3FD44D15C227}.Release|Any CPU.Build.0 = Release|Any CPU
	EndGlobalSection
	GlobalSection(SolutionProperties) = preSolution
		HideSolutionNode = FALSE
	EndGlobalSection
EndGlobal
